
Microsoft Visual Studio Solution File, Format Version 12.00
# Visual Studio Version 16
VisualStudioVersion = 16.0.30011.22
MinimumVisualStudioVersion = 10.0.40219.1
Project("{FAE04EC0-301F-11D3-BF4B-00C04F79EFBC}") = "gRPCClient", "gRPCClient\gRPCClient.csproj", "{EC94EA30-182A-4664-89EF-E1A15C39614E}"
EndProject
Global
	GlobalSection(SolutionConfigurationPlatforms) = preSolution
		Debug|Any CPU = Debug|Any CPU
		Release|Any CPU = Release|Any CPU
	EndGlobalSection
	GlobalSection(ProjectConfigurationPlatforms) = postSolution
		{EC94EA30-182A-4664-89EF-E1A15C39614E}.Debug|Any CPU.ActiveCfg = Debug|Any CPU
		{EC94EA30-182A-4664-89EF-E1A15C39614E}.Debug|Any CPU.Build.0 = Debug|Any CPU
		{EC94EA30-182A-4664-89EF-E1A15C39614E}.Release|Any CPU.ActiveCfg = Release|Any CPU
		{EC94EA30-182A-4664-89EF-E1A15C39614E}.Release|Any CPU.Build.0 = Release|Any CPU
	EndGlobalSection
	GlobalSection(SolutionProperties) = preSolution
		HideSolutionNode = FALSE
	EndGlobalSection
	GlobalSection(ExtensibilityGlobals) = postSolution
		SolutionGuid = {10F1E8A3-186C-4882-B63D-ADB87F1F1079}
	EndGlobalSection
EndGlobal
