
Microsoft Visual Studio Solution File, Format Version 12.00
# Visual Studio Version 16
VisualStudioVersion = 16.0.29503.13
MinimumVisualStudioVersion = 10.0.40219.1
Project("{FAE04EC0-301F-11D3-BF4B-00C04F79EFBC}") = "20191207_InheritanceDemo", "20191207_InheritanceDemo.csproj", "{ED80B7DB-67D5-4D7B-B08C-4C6692AAE892}"
EndProject
Global
	GlobalSection(SolutionConfigurationPlatforms) = preSolution
		Debug|Any CPU = Debug|Any CPU
		Release|Any CPU = Release|Any CPU
	EndGlobalSection
	GlobalSection(ProjectConfigurationPlatforms) = postSolution
		{ED80B7DB-67D5-4D7B-B08C-4C6692AAE892}.Debug|Any CPU.ActiveCfg = Debug|Any CPU
		{ED80B7DB-67D5-4D7B-B08C-4C6692AAE892}.Debug|Any CPU.Build.0 = Debug|Any CPU
		{ED80B7DB-67D5-4D7B-B08C-4C6692AAE892}.Release|Any CPU.ActiveCfg = Release|Any CPU
		{ED80B7DB-67D5-4D7B-B08C-4C6692AAE892}.Release|Any CPU.Build.0 = Release|Any CPU
	EndGlobalSection
	GlobalSection(SolutionProperties) = preSolution
		HideSolutionNode = FALSE
	EndGlobalSection
	GlobalSection(ExtensibilityGlobals) = postSolution
		SolutionGuid = {923B1F1D-A743-46DF-A25D-7CC9F8DF777D}
	EndGlobalSection
EndGlobal
