
Microsoft Visual Studio Solution File, Format Version 12.00
# Visual Studio Version 16
VisualStudioVersion = 16.0.30011.22
MinimumVisualStudioVersion = 10.0.40219.1
Project("{FAE04EC0-301F-11D3-BF4B-00C04F79EFBC}") = "20200418_MyQueue", "20200418_MyQueue\20200418_MyQueue.csproj", "{90F483B2-1EDE-4B6F-A1C3-A79123554CCE}"
EndProject
Global
	GlobalSection(SolutionConfigurationPlatforms) = preSolution
		Debug|Any CPU = Debug|Any CPU
		Release|Any CPU = Release|Any CPU
	EndGlobalSection
	GlobalSection(ProjectConfigurationPlatforms) = postSolution
		{90F483B2-1EDE-4B6F-A1C3-A79123554CCE}.Debug|Any CPU.ActiveCfg = Debug|Any CPU
		{90F483B2-1EDE-4B6F-A1C3-A79123554CCE}.Debug|Any CPU.Build.0 = Debug|Any CPU
		{90F483B2-1EDE-4B6F-A1C3-A79123554CCE}.Release|Any CPU.ActiveCfg = Release|Any CPU
		{90F483B2-1EDE-4B6F-A1C3-A79123554CCE}.Release|Any CPU.Build.0 = Release|Any CPU
	EndGlobalSection
	GlobalSection(SolutionProperties) = preSolution
		HideSolutionNode = FALSE
	EndGlobalSection
	GlobalSection(ExtensibilityGlobals) = postSolution
		SolutionGuid = {9E6F4CD6-767D-4B9B-A994-FD1D4D6836EF}
	EndGlobalSection
EndGlobal
