
Microsoft Visual Studio Solution File, Format Version 12.00
# Visual Studio 2013
VisualStudioVersion = 12.0.21005.1
MinimumVisualStudioVersion = 10.0.40219.1
Project("{FAE04EC0-301F-11D3-BF4B-00C04F79EFBC}") = "20200430_MVCDemo", "20200430_MVCDemo\20200430_MVCDemo.csproj", "{A7A4FB86-CBE9-4EB1-8F17-8A4C311A69FD}"
EndProject
Project("{FAE04EC0-301F-11D3-BF4B-00C04F79EFBC}") = "MVCWinFormsDemo", "MVCWinFormsDemo\MVCWinFormsDemo.csproj", "{042B811C-114D-4ACC-8A54-85AD8E8AFC75}"
EndProject
Project("{FAE04EC0-301F-11D3-BF4B-00C04F79EFBC}") = "ModelLibrary", "ModelLibrary\ModelLibrary.csproj", "{B2F6100C-E160-4720-B20F-465DCADD43A1}"
EndProject
Global
	GlobalSection(SolutionConfigurationPlatforms) = preSolution
		Debug|Any CPU = Debug|Any CPU
		Release|Any CPU = Release|Any CPU
	EndGlobalSection
	GlobalSection(ProjectConfigurationPlatforms) = postSolution
		{A7A4FB86-CBE9-4EB1-8F17-8A4C311A69FD}.Debug|Any CPU.ActiveCfg = Debug|Any CPU
		{A7A4FB86-CBE9-4EB1-8F17-8A4C311A69FD}.Debug|Any CPU.Build.0 = Debug|Any CPU
		{A7A4FB86-CBE9-4EB1-8F17-8A4C311A69FD}.Release|Any CPU.ActiveCfg = Release|Any CPU
		{A7A4FB86-CBE9-4EB1-8F17-8A4C311A69FD}.Release|Any CPU.Build.0 = Release|Any CPU
		{042B811C-114D-4ACC-8A54-85AD8E8AFC75}.Debug|Any CPU.ActiveCfg = Debug|Any CPU
		{042B811C-114D-4ACC-8A54-85AD8E8AFC75}.Debug|Any CPU.Build.0 = Debug|Any CPU
		{042B811C-114D-4ACC-8A54-85AD8E8AFC75}.Release|Any CPU.ActiveCfg = Release|Any CPU
		{042B811C-114D-4ACC-8A54-85AD8E8AFC75}.Release|Any CPU.Build.0 = Release|Any CPU
		{B2F6100C-E160-4720-B20F-465DCADD43A1}.Debug|Any CPU.ActiveCfg = Debug|Any CPU
		{B2F6100C-E160-4720-B20F-465DCADD43A1}.Debug|Any CPU.Build.0 = Debug|Any CPU
		{B2F6100C-E160-4720-B20F-465DCADD43A1}.Release|Any CPU.ActiveCfg = Release|Any CPU
		{B2F6100C-E160-4720-B20F-465DCADD43A1}.Release|Any CPU.Build.0 = Release|Any CPU
	EndGlobalSection
	GlobalSection(SolutionProperties) = preSolution
		HideSolutionNode = FALSE
	EndGlobalSection
EndGlobal
