
Microsoft Visual Studio Solution File, Format Version 12.00
# Visual Studio Version 16
VisualStudioVersion = 16.0.29926.136
MinimumVisualStudioVersion = 10.0.40219.1
Project("{FAE04EC0-301F-11D3-BF4B-00C04F79EFBC}") = "SeaFight", "SeaFight\SeaFight.csproj", "{1A62C613-EEB4-4CBE-8581-B8B633BB230D}"
EndProject
Project("{FAE04EC0-301F-11D3-BF4B-00C04F79EFBC}") = "SeaFightLibrary", "SeaFightLibrary\SeaFightLibrary.csproj", "{EAFA6BF3-6854-413B-9F98-C4D9A0C06983}"
EndProject
Global
	GlobalSection(SolutionConfigurationPlatforms) = preSolution
		Debug|Any CPU = Debug|Any CPU
		Release|Any CPU = Release|Any CPU
	EndGlobalSection
	GlobalSection(ProjectConfigurationPlatforms) = postSolution
		{1A62C613-EEB4-4CBE-8581-B8B633BB230D}.Debug|Any CPU.ActiveCfg = Debug|Any CPU
		{1A62C613-EEB4-4CBE-8581-B8B633BB230D}.Debug|Any CPU.Build.0 = Debug|Any CPU
		{1A62C613-EEB4-4CBE-8581-B8B633BB230D}.Release|Any CPU.ActiveCfg = Release|Any CPU
		{1A62C613-EEB4-4CBE-8581-B8B633BB230D}.Release|Any CPU.Build.0 = Release|Any CPU
		{EAFA6BF3-6854-413B-9F98-C4D9A0C06983}.Debug|Any CPU.ActiveCfg = Debug|Any CPU
		{EAFA6BF3-6854-413B-9F98-C4D9A0C06983}.Debug|Any CPU.Build.0 = Debug|Any CPU
		{EAFA6BF3-6854-413B-9F98-C4D9A0C06983}.Release|Any CPU.ActiveCfg = Release|Any CPU
		{EAFA6BF3-6854-413B-9F98-C4D9A0C06983}.Release|Any CPU.Build.0 = Release|Any CPU
	EndGlobalSection
	GlobalSection(SolutionProperties) = preSolution
		HideSolutionNode = FALSE
	EndGlobalSection
	GlobalSection(ExtensibilityGlobals) = postSolution
		SolutionGuid = {F4B75E16-17DC-49DE-A752-F3A3D8258125}
	EndGlobalSection
EndGlobal
