
Microsoft Visual Studio Solution File, Format Version 12.00
# Visual Studio Version 16
VisualStudioVersion = 16.0.29503.13
MinimumVisualStudioVersion = 10.0.40219.1
Project("{FAE04EC0-301F-11D3-BF4B-00C04F79EFBC}") = "20200221_PublisherSubscriberDemo", "20200221_PublisherSubscriberDemo.csproj", "{E2B43340-747D-48BD-83FF-E4DC232EFA6C}"
EndProject
Global
	GlobalSection(SolutionConfigurationPlatforms) = preSolution
		Debug|Any CPU = Debug|Any CPU
		Release|Any CPU = Release|Any CPU
	EndGlobalSection
	GlobalSection(ProjectConfigurationPlatforms) = postSolution
		{E2B43340-747D-48BD-83FF-E4DC232EFA6C}.Debug|Any CPU.ActiveCfg = Debug|Any CPU
		{E2B43340-747D-48BD-83FF-E4DC232EFA6C}.Debug|Any CPU.Build.0 = Debug|Any CPU
		{E2B43340-747D-48BD-83FF-E4DC232EFA6C}.Release|Any CPU.ActiveCfg = Release|Any CPU
		{E2B43340-747D-48BD-83FF-E4DC232EFA6C}.Release|Any CPU.Build.0 = Release|Any CPU
	EndGlobalSection
	GlobalSection(SolutionProperties) = preSolution
		HideSolutionNode = FALSE
	EndGlobalSection
	GlobalSection(ExtensibilityGlobals) = postSolution
		SolutionGuid = {43A46A4A-374D-4C20-8627-10C7F4DDE111}
	EndGlobalSection
EndGlobal
